#MicroXplorer Configuration settings - do not modify
FREERTOS.FootprintOK=true
FREERTOS.HEAP_NUMBER=1
FREERTOS.INCLUDE_vTaskDelayUntil=1
FREERTOS.IPParameters=Tasks01,configMAX_PRIORITIES,HEAP_NUMBER,INCLUDE_vTaskDelayUntil,FootprintOK
FREERTOS.Tasks01=defaultTask,0,128,StartDefaultTask,Default,NULL,Dynamic,NULL,NULL;LedBlinkTask,-3,128,LedBlinkTaskHandler,Default,NULL,Dynamic,NULL,NULL;EncoderTask,-2,128,EncoderTaskHandler,Default,NULL,Dynamic,NULL,NULL
FREERTOS.configMAX_PRIORITIES=4
File.Version=6
KeepUserPlacement=false
Mcu.Family=STM32F4
Mcu.IP0=FREERTOS
Mcu.IP1=NVIC
Mcu.IP2=RCC
Mcu.IP3=SYS
Mcu.IP4=TIM1
Mcu.IP5=TIM2
Mcu.IP6=TIM3
Mcu.IP7=TIM4
Mcu.IP8=TIM8
Mcu.IP9=USART1
Mcu.IPNb=10
Mcu.Name=STM32F429ZITx
Mcu.Package=LQFP144
Mcu.Pin0=PH0/OSC_IN
Mcu.Pin1=PH1/OSC_OUT
Mcu.Pin10=PD12
Mcu.Pin11=PD13
Mcu.Pin12=PC6
Mcu.Pin13=PC7
Mcu.Pin14=PA9
Mcu.Pin15=PA10
Mcu.Pin16=PA13
Mcu.Pin17=PA14
Mcu.Pin18=PG13
Mcu.Pin19=VP_FREERTOS_VS_ENABLE
Mcu.Pin2=PA0/WKUP
Mcu.Pin20=VP_SYS_VS_tim7
Mcu.Pin3=PA1
Mcu.Pin4=PA6
Mcu.Pin5=PA7
Mcu.Pin6=PE9
Mcu.Pin7=PE11
Mcu.Pin8=PE13
Mcu.Pin9=PE14
Mcu.PinsNb=21
Mcu.ThirdPartyNb=0
Mcu.UserConstants=
Mcu.UserName=STM32F429ZITx
MxCube.Version=5.0.0
MxDb.Version=DB.5.0.0
NVIC.BusFault_IRQn=true\:0\:0\:false\:false\:true\:false\:false
NVIC.DebugMonitor_IRQn=true\:0\:0\:false\:false\:true\:false\:false
NVIC.HardFault_IRQn=true\:0\:0\:false\:false\:true\:false\:false
NVIC.MemoryManagement_IRQn=true\:0\:0\:false\:false\:true\:false\:false
NVIC.NonMaskableInt_IRQn=true\:0\:0\:false\:false\:true\:false\:false
NVIC.PendSV_IRQn=true\:15\:0\:false\:false\:false\:true\:false
NVIC.PriorityGroup=NVIC_PRIORITYGROUP_4
NVIC.SVCall_IRQn=true\:0\:0\:false\:false\:false\:false\:false
NVIC.SysTick_IRQn=true\:15\:0\:false\:false\:false\:true\:false
NVIC.TIM7_IRQn=true\:0\:0\:false\:false\:true\:false\:false
NVIC.TimeBase=TIM7_IRQn
NVIC.TimeBaseIP=TIM7
NVIC.USART1_IRQn=true\:5\:0\:false\:false\:true\:true\:true
NVIC.UsageFault_IRQn=true\:0\:0\:false\:false\:true\:false\:false
PA0/WKUP.GPIOParameters=GPIO_Speed,GPIO_PuPd,GPIO_Label
PA0/WKUP.GPIO_Label=ENC1_A
PA0/WKUP.GPIO_PuPd=GPIO_PULLUP
PA0/WKUP.GPIO_Speed=GPIO_SPEED_FREQ_VERY_HIGH
PA0/WKUP.Locked=true
PA0/WKUP.Signal=S_TIM2_CH1_ETR
PA1.GPIOParameters=GPIO_Speed,GPIO_PuPd,GPIO_Label
PA1.GPIO_Label=ENC1_B
PA1.GPIO_PuPd=GPIO_PULLUP
PA1.GPIO_Speed=GPIO_SPEED_FREQ_VERY_HIGH
PA1.Locked=true
PA1.Signal=S_TIM2_CH2
PA10.GPIOParameters=GPIO_Label
PA10.GPIO_Label=UART_RX
PA10.Locked=true
PA10.Mode=Asynchronous
PA10.Signal=USART1_RX
PA13.Mode=Serial_Wire
PA13.Signal=SYS_JTMS-SWDIO
PA14.Mode=Serial_Wire
PA14.Signal=SYS_JTCK-SWCLK
PA6.GPIOParameters=GPIO_Speed,GPIO_PuPd,GPIO_Label
PA6.GPIO_Label=ENC2_A
PA6.GPIO_PuPd=GPIO_PULLUP
PA6.GPIO_Speed=GPIO_SPEED_FREQ_VERY_HIGH
PA6.Signal=S_TIM3_CH1
PA7.GPIOParameters=GPIO_Speed,GPIO_PuPd,GPIO_Label
PA7.GPIO_Label=ENC2_B
PA7.GPIO_PuPd=GPIO_PULLUP
PA7.GPIO_Speed=GPIO_SPEED_FREQ_VERY_HIGH
PA7.Signal=S_TIM3_CH2
PA9.GPIOParameters=GPIO_Label
PA9.GPIO_Label=UART_TX
PA9.Locked=true
PA9.Mode=Asynchronous
PA9.Signal=USART1_TX
PC6.GPIOParameters=GPIO_Speed,GPIO_PuPd,GPIO_Label
PC6.GPIO_Label=ENC4_A
PC6.GPIO_PuPd=GPIO_PULLUP
PC6.GPIO_Speed=GPIO_SPEED_FREQ_VERY_HIGH
PC6.Signal=S_TIM8_CH1
PC7.GPIOParameters=GPIO_Speed,GPIO_PuPd,GPIO_Label
PC7.GPIO_Label=ENC4_B
PC7.GPIO_PuPd=GPIO_PULLUP
PC7.GPIO_Speed=GPIO_SPEED_FREQ_VERY_HIGH
PC7.Signal=S_TIM8_CH2
PCC.Checker=false
PCC.Line=STM32F429/439
PCC.MCU=STM32F429ZITx
PCC.PartNumber=STM32F429ZITx
PCC.Seq0=0
PCC.Series=STM32F4
PCC.Temperature=25
PCC.Vdd=null
PD12.GPIOParameters=GPIO_Speed,GPIO_Label
PD12.GPIO_Label=ENC3_A
PD12.GPIO_Speed=GPIO_SPEED_FREQ_VERY_HIGH
PD12.Signal=S_TIM4_CH1
PD13.GPIOParameters=GPIO_Speed,GPIO_Label
PD13.GPIO_Label=ENC4_B
PD13.GPIO_Speed=GPIO_SPEED_FREQ_VERY_HIGH
PD13.Signal=S_TIM4_CH2
PE11.GPIOParameters=GPIO_Speed,GPIO_Label
PE11.GPIO_Label=M2_PWM
PE11.GPIO_Speed=GPIO_SPEED_FREQ_VERY_HIGH
PE11.Signal=S_TIM1_CH2
PE13.GPIOParameters=GPIO_Speed,GPIO_Label
PE13.GPIO_Label=M3_PWM
PE13.GPIO_Speed=GPIO_SPEED_FREQ_VERY_HIGH
PE13.Signal=S_TIM1_CH3
PE14.GPIOParameters=GPIO_Speed,GPIO_Label
PE14.GPIO_Label=M4_PWM
PE14.GPIO_Speed=GPIO_SPEED_FREQ_VERY_HIGH
PE14.Signal=S_TIM1_CH4
PE9.GPIOParameters=GPIO_Speed,GPIO_Label
PE9.GPIO_Label=M1_PWM
PE9.GPIO_Speed=GPIO_SPEED_FREQ_VERY_HIGH
PE9.Signal=S_TIM1_CH1
PG13.GPIOParameters=GPIO_Speed,GPIO_Label
PG13.GPIO_Label=LED3
PG13.GPIO_Speed=GPIO_SPEED_FREQ_VERY_HIGH
PG13.Locked=true
PG13.Signal=GPIO_Output
PH0/OSC_IN.Mode=HSE-External-Oscillator
PH0/OSC_IN.Signal=RCC_OSC_IN
PH1/OSC_OUT.Mode=HSE-External-Oscillator
PH1/OSC_OUT.Signal=RCC_OSC_OUT
PinOutPanel.RotationAngle=0
ProjectManager.AskForMigrate=true
ProjectManager.BackupPrevious=false
ProjectManager.CompilerOptimize=6
ProjectManager.ComputerToolchain=false
ProjectManager.CoupleFile=true
ProjectManager.CustomerFirmwarePackage=
ProjectManager.DefaultFWLocation=true
ProjectManager.DeletePrevious=true
ProjectManager.DeviceId=STM32F429ZITx
ProjectManager.FirmwarePackage=STM32Cube FW_F4 V1.23.0
ProjectManager.FreePins=false
ProjectManager.HalAssertFull=true
ProjectManager.HeapSize=0x200
ProjectManager.KeepUserCode=true
ProjectManager.LastFirmware=true
ProjectManager.LibraryCopy=1
ProjectManager.MainLocation=Core/Src
ProjectManager.NoMain=false
ProjectManager.PreviousToolchain=TrueSTUDIO
ProjectManager.ProjectBuild=false
ProjectManager.ProjectFileName=STM32F429_Leobot.ioc
ProjectManager.ProjectName=STM32F429_Leobot
ProjectManager.StackSize=0x400
ProjectManager.TargetToolchain=TrueSTUDIO
ProjectManager.ToolChainLocation=
ProjectManager.UnderRoot=true
ProjectManager.functionlistsort=1-MX_GPIO_Init-GPIO-false-HAL-true,2-SystemClock_Config-RCC-false-HAL-false,3-MX_TIM1_Init-TIM1-false-HAL-true,4-MX_TIM2_Init-TIM2-false-HAL-true,5-MX_TIM3_Init-TIM3-false-HAL-true,6-MX_TIM4_Init-TIM4-false-HAL-true,7-MX_USART1_UART_Init-USART1-false-HAL-true,8-MX_TIM8_Init-TIM8-false-HAL-true
RCC.48MHZClocksFreq_Value=90000000
RCC.AHBFreq_Value=180000000
RCC.APB1CLKDivider=RCC_HCLK_DIV4
RCC.APB1Freq_Value=45000000
RCC.APB1TimFreq_Value=90000000
RCC.APB2CLKDivider=RCC_HCLK_DIV2
RCC.APB2Freq_Value=90000000
RCC.APB2TimFreq_Value=180000000
RCC.CortexFreq_Value=180000000
RCC.EthernetFreq_Value=180000000
RCC.FCLKCortexFreq_Value=180000000
RCC.FamilyName=M
RCC.HCLKFreq_Value=180000000
RCC.HSE_VALUE=8000000
RCC.HSI_VALUE=16000000
RCC.I2SClocksFreq_Value=192000000
RCC.IPParameters=48MHZClocksFreq_Value,AHBFreq_Value,APB1CLKDivider,APB1Freq_Value,APB1TimFreq_Value,APB2CLKDivider,APB2Freq_Value,APB2TimFreq_Value,CortexFreq_Value,EthernetFreq_Value,FCLKCortexFreq_Value,FamilyName,HCLKFreq_Value,HSE_VALUE,HSI_VALUE,I2SClocksFreq_Value,LCDTFTFreq_Value,LSE_VALUE,LSI_VALUE,MCO2PinFreq_Value,PLLCLKFreq_Value,PLLM,PLLN,PLLQCLKFreq_Value,PLLSourceVirtual,RTCFreq_Value,RTCHSEDivFreq_Value,SAI_AClocksFreq_Value,SAI_BClocksFreq_Value,SYSCLKFreq_VALUE,SYSCLKSource,VCOI2SOutputFreq_Value,VCOInputFreq_Value,VCOOutputFreq_Value,VCOSAIOutputFreq_Value,VCOSAIOutputFreq_ValueQ,VCOSAIOutputFreq_ValueR,VcooutputI2S,VcooutputI2SQ
RCC.LCDTFTFreq_Value=24500000
RCC.LSE_VALUE=32768
RCC.LSI_VALUE=32000
RCC.MCO2PinFreq_Value=180000000
RCC.PLLCLKFreq_Value=180000000
RCC.PLLM=4
RCC.PLLN=180
RCC.PLLQCLKFreq_Value=90000000
RCC.PLLSourceVirtual=RCC_PLLSOURCE_HSE
RCC.RTCFreq_Value=32000
RCC.RTCHSEDivFreq_Value=4000000
RCC.SAI_AClocksFreq_Value=24500000
RCC.SAI_BClocksFreq_Value=24500000
RCC.SYSCLKFreq_VALUE=180000000
RCC.SYSCLKSource=RCC_SYSCLKSOURCE_PLLCLK
RCC.VCOI2SOutputFreq_Value=384000000
RCC.VCOInputFreq_Value=2000000
RCC.VCOOutputFreq_Value=360000000
RCC.VCOSAIOutputFreq_Value=98000000
RCC.VCOSAIOutputFreq_ValueQ=24500000
RCC.VCOSAIOutputFreq_ValueR=49000000
RCC.VcooutputI2S=192000000
RCC.VcooutputI2SQ=192000000
SH.S_TIM1_CH1.0=TIM1_CH1,PWM Generation1 CH1
SH.S_TIM1_CH1.ConfNb=1
SH.S_TIM1_CH2.0=TIM1_CH2,PWM Generation2 CH2
SH.S_TIM1_CH2.ConfNb=1
SH.S_TIM1_CH3.0=TIM1_CH3,PWM Generation3 CH3
SH.S_TIM1_CH3.ConfNb=1
SH.S_TIM1_CH4.0=TIM1_CH4,PWM Generation4 CH4
SH.S_TIM1_CH4.ConfNb=1
SH.S_TIM2_CH1_ETR.0=TIM2_CH1,Encoder_Interface
SH.S_TIM2_CH1_ETR.ConfNb=1
SH.S_TIM2_CH2.0=TIM2_CH2,Encoder_Interface
SH.S_TIM2_CH2.ConfNb=1
SH.S_TIM3_CH1.0=TIM3_CH1,Encoder_Interface
SH.S_TIM3_CH1.ConfNb=1
SH.S_TIM3_CH2.0=TIM3_CH2,Encoder_Interface
SH.S_TIM3_CH2.ConfNb=1
SH.S_TIM4_CH1.0=TIM4_CH1,Encoder_Interface
SH.S_TIM4_CH1.ConfNb=1
SH.S_TIM4_CH2.0=TIM4_CH2,Encoder_Interface
SH.S_TIM4_CH2.ConfNb=1
SH.S_TIM8_CH1.0=TIM8_CH1,Encoder_Interface
SH.S_TIM8_CH1.ConfNb=1
SH.S_TIM8_CH2.0=TIM8_CH2,Encoder_Interface
SH.S_TIM8_CH2.ConfNb=1
TIM1.Channel-PWM\ Generation1\ CH1=TIM_CHANNEL_1
TIM1.Channel-PWM\ Generation2\ CH2=TIM_CHANNEL_2
TIM1.Channel-PWM\ Generation3\ CH3=TIM_CHANNEL_3
TIM1.Channel-PWM\ Generation4\ CH4=TIM_CHANNEL_4
TIM1.IPParameters=Channel-PWM Generation1 CH1,Channel-PWM Generation2 CH2,Channel-PWM Generation3 CH3,Channel-PWM Generation4 CH4,Prescaler,Period
TIM1.Period=1000
TIM1.Prescaler=960-1
TIM2.EncoderMode=TIM_ENCODERMODE_TI12
TIM2.IPParameters=EncoderMode,Period
TIM2.Period=65535
TIM3.EncoderMode=TIM_ENCODERMODE_TI12
TIM3.IPParameters=Period,EncoderMode
TIM3.Period=65535
TIM4.EncoderMode=TIM_ENCODERMODE_TI12
TIM4.IPParameters=Period,EncoderMode
TIM4.Period=65535
TIM8.EncoderMode=TIM_ENCODERMODE_TI12
TIM8.IPParameters=Period,EncoderMode
TIM8.Period=65535
USART1.IPParameters=VirtualMode
USART1.VirtualMode=VM_ASYNC
VP_FREERTOS_VS_ENABLE.Mode=Enabled
VP_FREERTOS_VS_ENABLE.Signal=FREERTOS_VS_ENABLE
VP_SYS_VS_tim7.Mode=TIM7
VP_SYS_VS_tim7.Signal=SYS_VS_tim7
board=custom
